{
  "version": 4,
  "terraform_version": "1.9.7",
  "serial": 51,
  "lineage": "1ed1deb8-6485-1de8-13dd-2806d2854cd0",
  "outputs": {},
  "resources": [
    {
      "mode": "data",
      "type": "template_file",
      "name": "inventory",
      "provider": "provider[\"registry.terraform.io/hashicorp/template\"]",
      "instances": [
        {
          "schema_version": 0,
          "attributes": {
            "filename": null,
            "id": "fbf08dbff32f8ef39fd4c51418b944e140d1abbd1243b34d9065bbff9f9335b1",
            "rendered": "[all]\nmaster-0 ansible_host=89.169.149.198 ansible_user=ubuntu\nwork-0 ansible_host=89.169.155.188 ansible_user=ubuntu\nwork-1 ansible_host=89.169.162.87 ansible_user=ubuntu\n\n[kube_control_plane]\nmaster-0\n\n[etcd]\nmaster-0\n\n[kube_node]\nwork-0\nwork-1\n\n[k8s_cluster:children]\nkube_control_plane\nkube_node\n",
            "template": "[all]\n${hosts_control}\n${hosts_work}\n\n[kube_control_plane]\n${list_master}\n\n[etcd]\n${list_master}\n\n[kube_node]\n${list_work}\n\n[k8s_cluster:children]\nkube_control_plane\nkube_node\n",
            "vars": {
              "hosts_control": "master-0 ansible_host=89.169.149.198 ansible_user=ubuntu",
              "hosts_work": "work-0 ansible_host=89.169.155.188 ansible_user=ubuntu\nwork-1 ansible_host=89.169.162.87 ansible_user=ubuntu",
              "list_master": "master-0",
              "list_work": "work-0\nwork-1"
            }
          },
          "sensitive_attributes": []
        }
      ]
    },
    {
      "mode": "managed",
      "type": "null_resource",
      "name": "inventory-rend",
      "provider": "provider[\"registry.terraform.io/hashicorp/null\"]",
      "instances": [
        {
          "status": "tainted",
          "schema_version": 0,
          "attributes": {
            "id": "8583869212471222338",
            "triggers": {
              "template": "[all]\nmaster-0 ansible_host=89.169.149.198 ansible_user=ubuntu\nwork-0 ansible_host=89.169.155.188 ansible_user=ubuntu\nwork-1 ansible_host=89.169.162.87 ansible_user=ubuntu\n\n[kube_control_plane]\nmaster-0\n\n[etcd]\nmaster-0\n\n[kube_node]\nwork-0\nwork-1\n\n[k8s_cluster:children]\nkube_control_plane\nkube_node\n"
            }
          },
          "sensitive_attributes": [],
          "dependencies": [
            "data.template_file.inventory",
            "yandex_compute_instance.master",
            "yandex_compute_instance.work",
            "yandex_vpc_network.subnet",
            "yandex_vpc_subnet.subnet"
          ]
        }
      ]
    },
    {
      "mode": "managed",
      "type": "yandex_compute_instance",
      "name": "master",
      "provider": "provider[\"registry.terraform.io/yandex-cloud/yandex\"]",
      "instances": [
        {
          "index_key": 0,
          "schema_version": 1,
          "attributes": {
            "allow_recreate": null,
            "allow_stopping_for_update": null,
            "boot_disk": [
              {
                "auto_delete": true,
                "device_name": "fhmsj44cvvf705u2eu99",
                "disk_id": "fhmsj44cvvf705u2eu99",
                "initialize_params": [
                  {
                    "block_size": 4096,
                    "description": "",
                    "image_id": "fd8clogg1kull9084s9o",
                    "name": "",
                    "size": 25,
                    "snapshot_id": "",
                    "type": "network-hdd"
                  }
                ],
                "mode": "READ_WRITE"
              }
            ],
            "created_at": "2024-10-28T20:16:36Z",
            "description": "",
            "folder_id": "b1g73kf911qh20t72eeb",
            "fqdn": "fhm3jdot5c0a57ncmcjg.auto.internal",
            "hostname": "",
            "id": "fhm3jdot5c0a57ncmcjg",
            "labels": {},
            "local_disk": [],
            "metadata": {
              "ssh-keys": "ubuntu:ssh-rsa AAAAB3NzaC1yc2EAAAADAQABAAABgQDl98MpOyckrtlXwh2pqde93FsvwDmsdNAbnPmiJBhIdQ7ewNuGavG2bRruYmyeGlJ8r2xgGgtn3yH72pampRwB65GWxqhZfdbvvwlgWI6irJq3s9crP2hwOAic/kUb79dZhGaXWV3fy3hIqRa+RHO1FFKBwk+y6jjy4YUNKVGVm6KUmCENdieZm+7Rtk6xbizgOwiQwW48UOmK5s3wk5Itsk8pAfxOpVxO55+csSgE7zz85and4AARdVg5GyhQ4r98I+RgLdU6EvPXAALohdYF47ypuYew5ukEDMpV25LPEfmp+Hol7yIzlYl1wk8vhjt4vTtjkadiCnjNzfWttubym5ayr8DQYTsc/IF5EO8fSvSFXDBZ82GKJg+ZL4karH3xz2jPxeSG8508iLzkfRysY4ha5lfERe9aHo+SVqsJzUwISmGoX7PpxEeZz5KmGa2EPuOUf0GsE8B5afKdDtGKsk28D5NPd6/G6b6is11NeT7yxyAeBDP4N6Wkp7rPxGE= root@skillpropilserv-01\n"
            },
            "name": "master-0",
            "network_acceleration_type": "standard",
            "network_interface": [
              {
                "dns_record": [],
                "index": 0,
                "ip_address": "192.168.10.17",
                "ipv4": true,
                "ipv6": false,
                "ipv6_address": "",
                "ipv6_dns_record": [],
                "mac_address": "d0:0d:39:b7:1d:2b",
                "nat": true,
                "nat_dns_record": [],
                "nat_ip_address": "89.169.149.198",
                "nat_ip_version": "IPV4",
                "security_group_ids": [],
                "subnet_id": "e9bcfbc5ghhhkt6qj6r7"
              }
            ],
            "placement_policy": [
              {
                "host_affinity_rules": [],
                "placement_group_id": ""
              }
            ],
            "platform_id": "standard-v1",
            "resources": [
              {
                "core_fraction": 20,
                "cores": 2,
                "gpus": 0,
                "memory": 4
              }
            ],
            "scheduling_policy": [
              {
                "preemptible": true
              }
            ],
            "secondary_disk": [],
            "service_account_id": "",
            "status": "running",
            "timeouts": null,
            "zone": "ru-central1-a"
          },
          "sensitive_attributes": [],
          "private": "eyJlMmJmYjczMC1lY2FhLTExZTYtOGY4OC0zNDM2M2JjN2M0YzAiOnsiY3JlYXRlIjozMDAwMDAwMDAwMDAsImRlbGV0ZSI6MzAwMDAwMDAwMDAwLCJ1cGRhdGUiOjMwMDAwMDAwMDAwMH0sInNjaGVtYV92ZXJzaW9uIjoiMSJ9",
          "dependencies": [
            "yandex_vpc_network.subnet",
            "yandex_vpc_subnet.subnet"
          ]
        }
      ]
    },
    {
      "mode": "managed",
      "type": "yandex_compute_instance",
      "name": "work",
      "provider": "provider[\"registry.terraform.io/yandex-cloud/yandex\"]",
      "instances": [
        {
          "index_key": 0,
          "schema_version": 1,
          "attributes": {
            "allow_recreate": null,
            "allow_stopping_for_update": null,
            "boot_disk": [
              {
                "auto_delete": true,
                "device_name": "fhm11ppcce06n4n5t1hm",
                "disk_id": "fhm11ppcce06n4n5t1hm",
                "initialize_params": [
                  {
                    "block_size": 4096,
                    "description": "",
                    "image_id": "fd8clogg1kull9084s9o",
                    "name": "",
                    "size": 25,
                    "snapshot_id": "",
                    "type": "network-hdd"
                  }
                ],
                "mode": "READ_WRITE"
              }
            ],
            "created_at": "2024-10-28T20:16:36Z",
            "description": "",
            "folder_id": "b1g73kf911qh20t72eeb",
            "fqdn": "fhmeb1uf7sa0psafme6t.auto.internal",
            "hostname": "",
            "id": "fhmeb1uf7sa0psafme6t",
            "labels": {
              "index": "0"
            },
            "local_disk": [],
            "metadata": {
              "ssh-keys": "ubuntu:ssh-rsa AAAAB3NzaC1yc2EAAAADAQABAAABgQDl98MpOyckrtlXwh2pqde93FsvwDmsdNAbnPmiJBhIdQ7ewNuGavG2bRruYmyeGlJ8r2xgGgtn3yH72pampRwB65GWxqhZfdbvvwlgWI6irJq3s9crP2hwOAic/kUb79dZhGaXWV3fy3hIqRa+RHO1FFKBwk+y6jjy4YUNKVGVm6KUmCENdieZm+7Rtk6xbizgOwiQwW48UOmK5s3wk5Itsk8pAfxOpVxO55+csSgE7zz85and4AARdVg5GyhQ4r98I+RgLdU6EvPXAALohdYF47ypuYew5ukEDMpV25LPEfmp+Hol7yIzlYl1wk8vhjt4vTtjkadiCnjNzfWttubym5ayr8DQYTsc/IF5EO8fSvSFXDBZ82GKJg+ZL4karH3xz2jPxeSG8508iLzkfRysY4ha5lfERe9aHo+SVqsJzUwISmGoX7PpxEeZz5KmGa2EPuOUf0GsE8B5afKdDtGKsk28D5NPd6/G6b6is11NeT7yxyAeBDP4N6Wkp7rPxGE= root@skillpropilserv-01\n"
            },
            "name": "work-0",
            "network_acceleration_type": "standard",
            "network_interface": [
              {
                "dns_record": [],
                "index": 0,
                "ip_address": "192.168.10.5",
                "ipv4": true,
                "ipv6": false,
                "ipv6_address": "",
                "ipv6_dns_record": [],
                "mac_address": "d0:0d:e5:87:cf:3f",
                "nat": true,
                "nat_dns_record": [],
                "nat_ip_address": "89.169.155.188",
                "nat_ip_version": "IPV4",
                "security_group_ids": [],
                "subnet_id": "e9bcfbc5ghhhkt6qj6r7"
              }
            ],
            "placement_policy": [
              {
                "host_affinity_rules": [],
                "placement_group_id": ""
              }
            ],
            "platform_id": "standard-v1",
            "resources": [
              {
                "core_fraction": 20,
                "cores": 2,
                "gpus": 0,
                "memory": 4
              }
            ],
            "scheduling_policy": [
              {
                "preemptible": true
              }
            ],
            "secondary_disk": [],
            "service_account_id": "",
            "status": "running",
            "timeouts": null,
            "zone": "ru-central1-a"
          },
          "sensitive_attributes": [],
          "private": "eyJlMmJmYjczMC1lY2FhLTExZTYtOGY4OC0zNDM2M2JjN2M0YzAiOnsiY3JlYXRlIjozMDAwMDAwMDAwMDAsImRlbGV0ZSI6MzAwMDAwMDAwMDAwLCJ1cGRhdGUiOjMwMDAwMDAwMDAwMH0sInNjaGVtYV92ZXJzaW9uIjoiMSJ9",
          "dependencies": [
            "yandex_vpc_network.subnet",
            "yandex_vpc_subnet.subnet"
          ]
        },
        {
          "index_key": 1,
          "schema_version": 1,
          "attributes": {
            "allow_recreate": null,
            "allow_stopping_for_update": null,
            "boot_disk": [
              {
                "auto_delete": true,
                "device_name": "epd1eo6biqvuo1h3kb1r",
                "disk_id": "epd1eo6biqvuo1h3kb1r",
                "initialize_params": [
                  {
                    "block_size": 4096,
                    "description": "",
                    "image_id": "fd8clogg1kull9084s9o",
                    "name": "",
                    "size": 25,
                    "snapshot_id": "",
                    "type": "network-hdd"
                  }
                ],
                "mode": "READ_WRITE"
              }
            ],
            "created_at": "2024-10-28T20:16:35Z",
            "description": "",
            "folder_id": "b1g73kf911qh20t72eeb",
            "fqdn": "epdp73fts73g2ma8q1j5.auto.internal",
            "hostname": "",
            "id": "epdp73fts73g2ma8q1j5",
            "labels": {
              "index": "1"
            },
            "local_disk": [],
            "metadata": {
              "ssh-keys": "ubuntu:ssh-rsa AAAAB3NzaC1yc2EAAAADAQABAAABgQDl98MpOyckrtlXwh2pqde93FsvwDmsdNAbnPmiJBhIdQ7ewNuGavG2bRruYmyeGlJ8r2xgGgtn3yH72pampRwB65GWxqhZfdbvvwlgWI6irJq3s9crP2hwOAic/kUb79dZhGaXWV3fy3hIqRa+RHO1FFKBwk+y6jjy4YUNKVGVm6KUmCENdieZm+7Rtk6xbizgOwiQwW48UOmK5s3wk5Itsk8pAfxOpVxO55+csSgE7zz85and4AARdVg5GyhQ4r98I+RgLdU6EvPXAALohdYF47ypuYew5ukEDMpV25LPEfmp+Hol7yIzlYl1wk8vhjt4vTtjkadiCnjNzfWttubym5ayr8DQYTsc/IF5EO8fSvSFXDBZ82GKJg+ZL4karH3xz2jPxeSG8508iLzkfRysY4ha5lfERe9aHo+SVqsJzUwISmGoX7PpxEeZz5KmGa2EPuOUf0GsE8B5afKdDtGKsk28D5NPd6/G6b6is11NeT7yxyAeBDP4N6Wkp7rPxGE= root@skillpropilserv-01\n"
            },
            "name": "work-1",
            "network_acceleration_type": "standard",
            "network_interface": [
              {
                "dns_record": [],
                "index": 0,
                "ip_address": "192.168.20.31",
                "ipv4": true,
                "ipv6": false,
                "ipv6_address": "",
                "ipv6_dns_record": [],
                "mac_address": "d0:0d:19:38:df:de",
                "nat": true,
                "nat_dns_record": [],
                "nat_ip_address": "89.169.162.87",
                "nat_ip_version": "IPV4",
                "security_group_ids": [],
                "subnet_id": "e2lbch8c8vqrm100gdel"
              }
            ],
            "placement_policy": [
              {
                "host_affinity_rules": [],
                "placement_group_id": ""
              }
            ],
            "platform_id": "standard-v1",
            "resources": [
              {
                "core_fraction": 20,
                "cores": 2,
                "gpus": 0,
                "memory": 4
              }
            ],
            "scheduling_policy": [
              {
                "preemptible": true
              }
            ],
            "secondary_disk": [],
            "service_account_id": "",
            "status": "running",
            "timeouts": null,
            "zone": "ru-central1-b"
          },
          "sensitive_attributes": [],
          "private": "eyJlMmJmYjczMC1lY2FhLTExZTYtOGY4OC0zNDM2M2JjN2M0YzAiOnsiY3JlYXRlIjozMDAwMDAwMDAwMDAsImRlbGV0ZSI6MzAwMDAwMDAwMDAwLCJ1cGRhdGUiOjMwMDAwMDAwMDAwMH0sInNjaGVtYV92ZXJzaW9uIjoiMSJ9",
          "dependencies": [
            "yandex_vpc_network.subnet",
            "yandex_vpc_subnet.subnet"
          ]
        }
      ]
    },
    {
      "mode": "managed",
      "type": "yandex_iam_service_account",
      "name": "service-diploma",
      "provider": "provider[\"registry.terraform.io/yandex-cloud/yandex\"]",
      "instances": [
        {
          "schema_version": 0,
          "attributes": {
            "created_at": "2024-10-28T20:16:33Z",
            "description": "",
            "folder_id": "b1g73kf911qh20t72eeb",
            "id": "ajevqdlngopmkl8689oe",
            "name": "service-diploma",
            "timeouts": null
          },
          "sensitive_attributes": [],
          "private": "eyJlMmJmYjczMC1lY2FhLTExZTYtOGY4OC0zNDM2M2JjN2M0YzAiOnsiY3JlYXRlIjo2MDAwMDAwMDAwMCwiZGVsZXRlIjo2MDAwMDAwMDAwMCwidXBkYXRlIjo2MDAwMDAwMDAwMH19"
        }
      ]
    },
    {
      "mode": "managed",
      "type": "yandex_iam_service_account_static_access_key",
      "name": "service-diploma",
      "provider": "provider[\"registry.terraform.io/yandex-cloud/yandex\"]",
      "instances": [
        {
          "schema_version": 0,
          "attributes": {
            "access_key": "YCAJEqNBB75CMM3xCIfqN6tF3",
            "created_at": "2024-10-28T20:16:34Z",
            "description": "Статичный ключ для хранилища бакета",
            "encrypted_secret_key": null,
            "id": "aje79kofhb515mi8bj97",
            "key_fingerprint": null,
            "pgp_key": null,
            "secret_key": "YCMwSCma-q6COWdbzCSrXbIR4oaPIxgNCHFLtnHc",
            "service_account_id": "ajevqdlngopmkl8689oe"
          },
          "sensitive_attributes": [
            [
              {
                "type": "get_attr",
                "value": "secret_key"
              }
            ]
          ],
          "private": "bnVsbA==",
          "dependencies": [
            "yandex_iam_service_account.service-diploma"
          ]
        }
      ]
    },
    {
      "mode": "managed",
      "type": "yandex_resourcemanager_folder_iam_member",
      "name": "edit",
      "provider": "provider[\"registry.terraform.io/yandex-cloud/yandex\"]",
      "instances": [
        {
          "schema_version": 0,
          "attributes": {
            "folder_id": "b1g73kf911qh20t72eeb",
            "id": "b1g73kf911qh20t72eeb/editor/serviceAccount:ajevqdlngopmkl8689oe",
            "member": "serviceAccount:ajevqdlngopmkl8689oe",
            "role": "editor",
            "sleep_after": null
          },
          "sensitive_attributes": [],
          "private": "bnVsbA==",
          "dependencies": [
            "yandex_iam_service_account.service-diploma"
          ]
        }
      ]
    },
    {
      "mode": "managed",
      "type": "yandex_resourcemanager_folder_iam_member",
      "name": "view",
      "provider": "provider[\"registry.terraform.io/yandex-cloud/yandex\"]",
      "instances": [
        {
          "schema_version": 0,
          "attributes": {
            "folder_id": "b1g73kf911qh20t72eeb",
            "id": "b1g73kf911qh20t72eeb/viewer/serviceAccount:ajevqdlngopmkl8689oe",
            "member": "serviceAccount:ajevqdlngopmkl8689oe",
            "role": "viewer",
            "sleep_after": null
          },
          "sensitive_attributes": [],
          "private": "bnVsbA==",
          "dependencies": [
            "yandex_iam_service_account.service-diploma"
          ]
        }
      ]
    },
    {
      "mode": "managed",
      "type": "yandex_storage_bucket",
      "name": "diploma-bucket-sp1",
      "provider": "provider[\"registry.terraform.io/yandex-cloud/yandex\"]",
      "instances": [
        {
          "schema_version": 0,
          "attributes": {
            "access_key": "YCAJEqNBB75CMM3xCIfqN6tF3",
            "acl": "private",
            "anonymous_access_flags": [
              {
                "list": false,
                "read": false
              }
            ],
            "bucket": "diploma-bucket-sp1",
            "bucket_domain_name": "diploma-bucket-sp1.storage.yandexcloud.net",
            "bucket_prefix": null,
            "cors_rule": [],
            "default_storage_class": "STANDARD",
            "folder_id": "b1g73kf911qh20t72eeb",
            "force_destroy": false,
            "grant": [],
            "https": [],
            "id": "diploma-bucket-sp1",
            "lifecycle_rule": [],
            "logging": [],
            "max_size": 0,
            "policy": "",
            "secret_key": "YCMwSCma-q6COWdbzCSrXbIR4oaPIxgNCHFLtnHc",
            "server_side_encryption_configuration": [],
            "versioning": [
              {
                "enabled": false
              }
            ],
            "website": [],
            "website_domain": null,
            "website_endpoint": null
          },
          "sensitive_attributes": [
            [
              {
                "type": "get_attr",
                "value": "secret_key"
              }
            ]
          ],
          "private": "bnVsbA==",
          "dependencies": [
            "yandex_iam_service_account.service-diploma",
            "yandex_iam_service_account_static_access_key.service-diploma"
          ]
        }
      ]
    },
    {
      "mode": "managed",
      "type": "yandex_vpc_network",
      "name": "subnet",
      "provider": "provider[\"registry.terraform.io/yandex-cloud/yandex\"]",
      "instances": [
        {
          "schema_version": 0,
          "attributes": {
            "created_at": "2024-10-28T20:16:33Z",
            "default_security_group_id": "enpmtueqpcbcth3qkd2f",
            "description": "",
            "folder_id": "b1g73kf911qh20t72eeb",
            "id": "enpg18o6brce8q4rnla7",
            "labels": {},
            "name": "subnet",
            "subnet_ids": [
              "e2lbch8c8vqrm100gdel",
              "e9bcfbc5ghhhkt6qj6r7",
              "fl8p648pkfcu60ej2r9a"
            ],
            "timeouts": null
          },
          "sensitive_attributes": [],
          "private": "eyJlMmJmYjczMC1lY2FhLTExZTYtOGY4OC0zNDM2M2JjN2M0YzAiOnsiY3JlYXRlIjo2MDAwMDAwMDAwMCwiZGVsZXRlIjo2MDAwMDAwMDAwMCwidXBkYXRlIjo2MDAwMDAwMDAwMH19"
        }
      ]
    },
    {
      "mode": "managed",
      "type": "yandex_vpc_subnet",
      "name": "subnet",
      "provider": "provider[\"registry.terraform.io/yandex-cloud/yandex\"]",
      "instances": [
        {
          "index_key": 0,
          "schema_version": 0,
          "attributes": {
            "created_at": "2024-10-28T20:16:35Z",
            "description": "",
            "dhcp_options": [],
            "folder_id": "b1g73kf911qh20t72eeb",
            "id": "e9bcfbc5ghhhkt6qj6r7",
            "labels": {},
            "name": "subnet-ru-central1-a",
            "network_id": "enpg18o6brce8q4rnla7",
            "route_table_id": "",
            "timeouts": null,
            "v4_cidr_blocks": [
              "192.168.10.0/24"
            ],
            "v6_cidr_blocks": [],
            "zone": "ru-central1-a"
          },
          "sensitive_attributes": [],
          "private": "eyJlMmJmYjczMC1lY2FhLTExZTYtOGY4OC0zNDM2M2JjN2M0YzAiOnsiY3JlYXRlIjoxODAwMDAwMDAwMDAsImRlbGV0ZSI6MTgwMDAwMDAwMDAwLCJ1cGRhdGUiOjE4MDAwMDAwMDAwMH19",
          "dependencies": [
            "yandex_vpc_network.subnet"
          ]
        },
        {
          "index_key": 1,
          "schema_version": 0,
          "attributes": {
            "created_at": "2024-10-28T20:16:34Z",
            "description": "",
            "dhcp_options": [],
            "folder_id": "b1g73kf911qh20t72eeb",
            "id": "e2lbch8c8vqrm100gdel",
            "labels": {},
            "name": "subnet-ru-central1-b",
            "network_id": "enpg18o6brce8q4rnla7",
            "route_table_id": "",
            "timeouts": null,
            "v4_cidr_blocks": [
              "192.168.20.0/24"
            ],
            "v6_cidr_blocks": [],
            "zone": "ru-central1-b"
          },
          "sensitive_attributes": [],
          "private": "eyJlMmJmYjczMC1lY2FhLTExZTYtOGY4OC0zNDM2M2JjN2M0YzAiOnsiY3JlYXRlIjoxODAwMDAwMDAwMDAsImRlbGV0ZSI6MTgwMDAwMDAwMDAwLCJ1cGRhdGUiOjE4MDAwMDAwMDAwMH19",
          "dependencies": [
            "yandex_vpc_network.subnet"
          ]
        },
        {
          "index_key": 2,
          "schema_version": 0,
          "attributes": {
            "created_at": "2024-10-28T20:16:34Z",
            "description": "",
            "dhcp_options": [],
            "folder_id": "b1g73kf911qh20t72eeb",
            "id": "fl8p648pkfcu60ej2r9a",
            "labels": {},
            "name": "subnet-ru-central1-d",
            "network_id": "enpg18o6brce8q4rnla7",
            "route_table_id": "",
            "timeouts": null,
            "v4_cidr_blocks": [
              "192.168.30.0/24"
            ],
            "v6_cidr_blocks": [],
            "zone": "ru-central1-d"
          },
          "sensitive_attributes": [],
          "private": "eyJlMmJmYjczMC1lY2FhLTExZTYtOGY4OC0zNDM2M2JjN2M0YzAiOnsiY3JlYXRlIjoxODAwMDAwMDAwMDAsImRlbGV0ZSI6MTgwMDAwMDAwMDAwLCJ1cGRhdGUiOjE4MDAwMDAwMDAwMH19",
          "dependencies": [
            "yandex_vpc_network.subnet"
          ]
        }
      ]
    }
  ],
  "check_results": null
}
